
Microsoft Visual Studio Solution File, Format Version 12.00
# Visual Studio 15
VisualStudioVersion = 15.0.27130.2024
MinimumVisualStudioVersion = 10.0.40219.1
Project("{FAE04EC0-301F-11D3-BF4B-00C04F79EFBC}") = "myFirstAzureWebApp", "myFirstAzureWebApp\myFirstAzureWebApp.csproj", "{429E5300-A721-465E-9683-4B85BD5C97C7}"
EndProject
Global
	GlobalSection(SolutionConfigurationPlatforms) = preSolution
		Debug|Any CPU = Debug|Any CPU
		Release|Any CPU = Release|Any CPU
	EndGlobalSection
	GlobalSection(ProjectConfigurationPlatforms) = postSolution
		{429E5300-A721-465E-9683-4B85BD5C97C7}.Debug|Any CPU.ActiveCfg = Debug|Any CPU
		{429E5300-A721-465E-9683-4B85BD5C97C7}.Debug|Any CPU.Build.0 = Debug|Any CPU
		{429E5300-A721-465E-9683-4B85BD5C97C7}.Release|Any CPU.ActiveCfg = Release|Any CPU
		{429E5300-A721-465E-9683-4B85BD5C97C7}.Release|Any CPU.Build.0 = Release|Any CPU
	EndGlobalSection
	GlobalSection(SolutionProperties) = preSolution
		HideSolutionNode = FALSE
	EndGlobalSection
	GlobalSection(ExtensibilityGlobals) = postSolution
		SolutionGuid = {D4F30990-6A05-4FA6-87DC-332A2FC0E740}
	EndGlobalSection
EndGlobal
